
Microsoft Visual Studio Solution File, Format Version 12.00
# Visual Studio 14
VisualStudioVersion = 14.0.23107.0
MinimumVisualStudioVersion = 10.0.40219.1
Project("{2150E333-8FDC-42A3-9474-1A3956D46DE8}") = "src", "src", "{498F7B04-1C1A-4391-9345-DE7443E57B86}"
EndProject
Project("{2150E333-8FDC-42A3-9474-1A3956D46DE8}") = "Solution Items", "Solution Items", "{DCB1716B-DEA6-4D3E-8EA1-219C1824B7F3}"
	ProjectSection(SolutionItems) = preProject
		global.json = global.json
		LICENSE = LICENSE
		NuGet.config = NuGet.config
		README.md = README.md
	EndProjectSection
EndProject
Project("{8BB2217D-0F2D-49D1-97BC-3654ED321F3B}") = "NeinMath", "src\NeinMath\NeinMath.xproj", "{72C9F5C5-37DE-4F12-9E19-C6F60EA3A7E8}"
EndProject
Project("{8BB2217D-0F2D-49D1-97BC-3654ED321F3B}") = "NeinMath.Benchmark", "src\NeinMath.Benchmark\NeinMath.Benchmark.xproj", "{C32024B5-3ABA-45F2-BE6B-C62C065FA4D3}"
EndProject
Project("{2150E333-8FDC-42A3-9474-1A3956D46DE8}") = "test", "test", "{5B6A71B6-E783-4309-988E-AF374A56447A}"
EndProject
Project("{8BB2217D-0F2D-49D1-97BC-3654ED321F3B}") = "NeinMath.Tests", "test\NeinMath.Tests\NeinMath.Tests.xproj", "{8D938725-2655-4594-9748-3C2F6E95752D}"
EndProject
Global
	GlobalSection(SolutionConfigurationPlatforms) = preSolution
		Debug|Any CPU = Debug|Any CPU
		Release|Any CPU = Release|Any CPU
	EndGlobalSection
	GlobalSection(ProjectConfigurationPlatforms) = postSolution
		{72C9F5C5-37DE-4F12-9E19-C6F60EA3A7E8}.Debug|Any CPU.ActiveCfg = Debug|Any CPU
		{72C9F5C5-37DE-4F12-9E19-C6F60EA3A7E8}.Debug|Any CPU.Build.0 = Debug|Any CPU
		{72C9F5C5-37DE-4F12-9E19-C6F60EA3A7E8}.Release|Any CPU.ActiveCfg = Release|Any CPU
		{72C9F5C5-37DE-4F12-9E19-C6F60EA3A7E8}.Release|Any CPU.Build.0 = Release|Any CPU
		{C32024B5-3ABA-45F2-BE6B-C62C065FA4D3}.Debug|Any CPU.ActiveCfg = Debug|Any CPU
		{C32024B5-3ABA-45F2-BE6B-C62C065FA4D3}.Debug|Any CPU.Build.0 = Debug|Any CPU
		{C32024B5-3ABA-45F2-BE6B-C62C065FA4D3}.Release|Any CPU.ActiveCfg = Release|Any CPU
		{C32024B5-3ABA-45F2-BE6B-C62C065FA4D3}.Release|Any CPU.Build.0 = Release|Any CPU
		{8D938725-2655-4594-9748-3C2F6E95752D}.Debug|Any CPU.ActiveCfg = Debug|Any CPU
		{8D938725-2655-4594-9748-3C2F6E95752D}.Debug|Any CPU.Build.0 = Debug|Any CPU
		{8D938725-2655-4594-9748-3C2F6E95752D}.Release|Any CPU.ActiveCfg = Release|Any CPU
		{8D938725-2655-4594-9748-3C2F6E95752D}.Release|Any CPU.Build.0 = Release|Any CPU
	EndGlobalSection
	GlobalSection(SolutionProperties) = preSolution
		HideSolutionNode = FALSE
	EndGlobalSection
	GlobalSection(NestedProjects) = preSolution
		{72C9F5C5-37DE-4F12-9E19-C6F60EA3A7E8} = {498F7B04-1C1A-4391-9345-DE7443E57B86}
		{C32024B5-3ABA-45F2-BE6B-C62C065FA4D3} = {498F7B04-1C1A-4391-9345-DE7443E57B86}
		{8D938725-2655-4594-9748-3C2F6E95752D} = {5B6A71B6-E783-4309-988E-AF374A56447A}
	EndGlobalSection
EndGlobal
